
Microsoft Visual Studio Solution File, Format Version 12.00
# Visual Studio Version 17
VisualStudioVersion = 17.14.36518.9 d17.14
MinimumVisualStudioVersion = 10.0.40219.1
Project("{FAE04EC0-301F-11D3-BF4B-00C04F79EFBC}") = "rastgele_sayi_uretip_arasındaki_sayiları_yazan_program", "rastgele_sayi_uretip_arasındaki_sayiları_yazan_program\rastgele_sayi_uretip_arasındaki_sayiları_yazan_program.csproj", "{3C1401E3-DF84-4757-AE47-19381F54DCBD}"
EndProject
Global
	GlobalSection(SolutionConfigurationPlatforms) = preSolution
		Debug|Any CPU = Debug|Any CPU
		Release|Any CPU = Release|Any CPU
	EndGlobalSection
	GlobalSection(ProjectConfigurationPlatforms) = postSolution
		{3C1401E3-DF84-4757-AE47-19381F54DCBD}.Debug|Any CPU.ActiveCfg = Debug|Any CPU
		{3C1401E3-DF84-4757-AE47-19381F54DCBD}.Debug|Any CPU.Build.0 = Debug|Any CPU
		{3C1401E3-DF84-4757-AE47-19381F54DCBD}.Release|Any CPU.ActiveCfg = Release|Any CPU
		{3C1401E3-DF84-4757-AE47-19381F54DCBD}.Release|Any CPU.Build.0 = Release|Any CPU
	EndGlobalSection
	GlobalSection(SolutionProperties) = preSolution
		HideSolutionNode = FALSE
	EndGlobalSection
	GlobalSection(ExtensibilityGlobals) = postSolution
		SolutionGuid = {012471AC-CFA1-4018-8760-C47322CC7438}
	EndGlobalSection
EndGlobal
